
Microsoft Visual Studio Solution File, Format Version 12.00
# Visual Studio Version 16
VisualStudioVersion = 16.0.31624.102
MinimumVisualStudioVersion = 10.0.40219.1
Project("{9A19103F-16F7-4668-BE54-9A1E7A4F7556}") = "LongestIncreasingSubsequence.Api", "LongestIncreasingSubsequence.Api\LongestIncreasingSubsequence.Api.csproj", "{5721A276-0D57-4C6F-90A1-F9D21A580BF3}"
EndProject
Project("{FAE04EC0-301F-11D3-BF4B-00C04F79EFBC}") = "LongestIncreasingSubsequence.ApplicationServices", "LongestIncreasingSubsequence.ApplicationServices\LongestIncreasingSubsequence.ApplicationServices.csproj", "{6D6A10FB-6C95-4824-B5BD-E3BCE42E874A}"
EndProject
Project("{FAE04EC0-301F-11D3-BF4B-00C04F79EFBC}") = "LongestIncreasingSubsequence.ApplicationServices.Tests", "LongestIncreasingSubsequence.ApplicationServices.Tests\LongestIncreasingSubsequence.ApplicationServices.Tests.csproj", "{33754FA1-69FB-4BDB-93FD-5694E87792FC}"
EndProject
Global
	GlobalSection(SolutionConfigurationPlatforms) = preSolution
		Debug|Any CPU = Debug|Any CPU
		Release|Any CPU = Release|Any CPU
	EndGlobalSection
	GlobalSection(ProjectConfigurationPlatforms) = postSolution
		{5721A276-0D57-4C6F-90A1-F9D21A580BF3}.Debug|Any CPU.ActiveCfg = Debug|Any CPU
		{5721A276-0D57-4C6F-90A1-F9D21A580BF3}.Debug|Any CPU.Build.0 = Debug|Any CPU
		{5721A276-0D57-4C6F-90A1-F9D21A580BF3}.Release|Any CPU.ActiveCfg = Release|Any CPU
		{5721A276-0D57-4C6F-90A1-F9D21A580BF3}.Release|Any CPU.Build.0 = Release|Any CPU
		{6D6A10FB-6C95-4824-B5BD-E3BCE42E874A}.Debug|Any CPU.ActiveCfg = Debug|Any CPU
		{6D6A10FB-6C95-4824-B5BD-E3BCE42E874A}.Debug|Any CPU.Build.0 = Debug|Any CPU
		{6D6A10FB-6C95-4824-B5BD-E3BCE42E874A}.Release|Any CPU.ActiveCfg = Release|Any CPU
		{6D6A10FB-6C95-4824-B5BD-E3BCE42E874A}.Release|Any CPU.Build.0 = Release|Any CPU
		{33754FA1-69FB-4BDB-93FD-5694E87792FC}.Debug|Any CPU.ActiveCfg = Debug|Any CPU
		{33754FA1-69FB-4BDB-93FD-5694E87792FC}.Debug|Any CPU.Build.0 = Debug|Any CPU
		{33754FA1-69FB-4BDB-93FD-5694E87792FC}.Release|Any CPU.ActiveCfg = Release|Any CPU
		{33754FA1-69FB-4BDB-93FD-5694E87792FC}.Release|Any CPU.Build.0 = Release|Any CPU
	EndGlobalSection
	GlobalSection(SolutionProperties) = preSolution
		HideSolutionNode = FALSE
	EndGlobalSection
	GlobalSection(ExtensibilityGlobals) = postSolution
		SolutionGuid = {938C71A5-9CA2-4295-BA2A-89F5CDA3FD47}
	EndGlobalSection
EndGlobal
